
Microsoft Visual Studio Solution File, Format Version 12.00
# Visual Studio Version 17
VisualStudioVersion = 17.3.32901.215
MinimumVisualStudioVersion = 10.0.40219.1
Project("{FAE04EC0-301F-11D3-BF4B-00C04F79EFBC}") = "Pilas_Colas", "Pilas_Colas.csproj", "{7AFA38AC-205A-4734-9E54-6F81C7F780D5}"
EndProject
Global
	GlobalSection(SolutionConfigurationPlatforms) = preSolution
		Debug|Any CPU = Debug|Any CPU
		Release|Any CPU = Release|Any CPU
	EndGlobalSection
	GlobalSection(ProjectConfigurationPlatforms) = postSolution
		{7AFA38AC-205A-4734-9E54-6F81C7F780D5}.Debug|Any CPU.ActiveCfg = Debug|Any CPU
		{7AFA38AC-205A-4734-9E54-6F81C7F780D5}.Debug|Any CPU.Build.0 = Debug|Any CPU
		{7AFA38AC-205A-4734-9E54-6F81C7F780D5}.Release|Any CPU.ActiveCfg = Release|Any CPU
		{7AFA38AC-205A-4734-9E54-6F81C7F780D5}.Release|Any CPU.Build.0 = Release|Any CPU
	EndGlobalSection
	GlobalSection(SolutionProperties) = preSolution
		HideSolutionNode = FALSE
	EndGlobalSection
	GlobalSection(ExtensibilityGlobals) = postSolution
		SolutionGuid = {3A4B88C0-87F6-4661-BF18-D9C66D9CEEE2}
	EndGlobalSection
EndGlobal
